
Microsoft Visual Studio Solution File, Format Version 12.00
# Visual Studio Version 17
VisualStudioVersion = 17.4.33205.214
MinimumVisualStudioVersion = 10.0.40219.1
Project("{888888A0-9F3D-457C-B088-3A5042F75D52}") = "töö_tsükel_N.Konjajev", "töö_tsükel_N.Konjajev\töö_tsükel_N.Konjajev.pyproj", "{B1B658CD-6212-4429-BFD2-A5FBE36EAED1}"
EndProject
Global
	GlobalSection(SolutionConfigurationPlatforms) = preSolution
		Debug|Any CPU = Debug|Any CPU
		Release|Any CPU = Release|Any CPU
	EndGlobalSection
	GlobalSection(ProjectConfigurationPlatforms) = postSolution
		{B1B658CD-6212-4429-BFD2-A5FBE36EAED1}.Debug|Any CPU.ActiveCfg = Debug|Any CPU
		{B1B658CD-6212-4429-BFD2-A5FBE36EAED1}.Release|Any CPU.ActiveCfg = Release|Any CPU
	EndGlobalSection
	GlobalSection(SolutionProperties) = preSolution
		HideSolutionNode = FALSE
	EndGlobalSection
	GlobalSection(ExtensibilityGlobals) = postSolution
		SolutionGuid = {F7480C22-3CAE-4CC5-AB70-F058384BC83B}
	EndGlobalSection
EndGlobal
